
Microsoft Visual Studio Solution File, Format Version 12.00
# Visual Studio Version 16
VisualStudioVersion = 16.0.31702.278
MinimumVisualStudioVersion = 10.0.40219.1
Project("{9A19103F-16F7-4668-BE54-9A1E7A4F7556}") = "BlazorProject", "BlazorProject\BlazorProject.csproj", "{215B2BB7-57DA-4AA2-A196-520A54C8C66D}"
EndProject
Global
	GlobalSection(SolutionConfigurationPlatforms) = preSolution
		Debug|Any CPU = Debug|Any CPU
		Release|Any CPU = Release|Any CPU
	EndGlobalSection
	GlobalSection(ProjectConfigurationPlatforms) = postSolution
		{215B2BB7-57DA-4AA2-A196-520A54C8C66D}.Debug|Any CPU.ActiveCfg = Debug|Any CPU
		{215B2BB7-57DA-4AA2-A196-520A54C8C66D}.Debug|Any CPU.Build.0 = Debug|Any CPU
		{215B2BB7-57DA-4AA2-A196-520A54C8C66D}.Release|Any CPU.ActiveCfg = Release|Any CPU
		{215B2BB7-57DA-4AA2-A196-520A54C8C66D}.Release|Any CPU.Build.0 = Release|Any CPU
	EndGlobalSection
	GlobalSection(SolutionProperties) = preSolution
		HideSolutionNode = FALSE
	EndGlobalSection
	GlobalSection(ExtensibilityGlobals) = postSolution
		SolutionGuid = {C490BFF2-0D64-4000-A4AE-953D00B8EBAA}
	EndGlobalSection
EndGlobal
